// !$*UTF8*$!
{
	archiveVersion = 1;
	classes = {
	};
	objectVersion = 51;
	objects = {

/* Begin PBXBuildFile section */
		0E9E31A5254C8D50002DB7CD /* EventHandler.swift in Sources */ = {isa = PBXBuildFile; fileRef = 0E9E31A4254C8D50002DB7CD /* EventHandler.swift */; };
		6051CD7425461791005DEBDB /* Settings.swift in Sources */ = {isa = PBXBuildFile; fileRef = 6051CD7325461791005DEBDB /* Settings.swift */; };
		C36DF8EE25B85782103EFC08 /* libPods-TRACE.a in Frameworks */ = {isa = PBXBuildFile; fileRef = 0D7645146B0F83F9BD6CAF85 /* libPods-TRACE.a */; };
		C93B369A2583D8EA0075F898 /* Lato-Hairline.ttf in Resources */ = {isa = PBXBuildFile; fileRef = C93B36972583D8E90075F898 /* Lato-Hairline.ttf */; };
		C93B369B2583D8EA0075F898 /* Lato-Thin.ttf in Resources */ = {isa = PBXBuildFile; fileRef = C93B36982583D8E90075F898 /* Lato-Thin.ttf */; };
		C93B369C2583D8EA0075F898 /* Lato-Light.ttf in Resources */ = {isa = PBXBuildFile; fileRef = C93B36992583D8EA0075F898 /* Lato-Light.ttf */; };
		C95478D42544F6BA00880166 /* GoogleService-Info.plist in Resources */ = {isa = PBXBuildFile; fileRef = C95478D32544F6BA00880166 /* GoogleService-Info.plist */; };
		C9665A9A2541053700880166 /* TRACEApp.swift in Sources */ = {isa = PBXBuildFile; fileRef = C9665A992541053700880166 /* TRACEApp.swift */; };
		C9665A9C2541053700880166 /* ContentView.swift in Sources */ = {isa = PBXBuildFile; fileRef = C9665A9B2541053700880166 /* ContentView.swift */; };
		C9665A9E2541053800880166 /* Assets.xcassets in Resources */ = {isa = PBXBuildFile; fileRef = C9665A9D2541053800880166 /* Assets.xcassets */; };
		C9665AA12541053800880166 /* Preview Assets.xcassets in Resources */ = {isa = PBXBuildFile; fileRef = C9665AA02541053800880166 /* Preview Assets.xcassets */; };
		C97A13E32568BA9000880166 /* trace_icon.png in Resources */ = {isa = PBXBuildFile; fileRef = C97A13E22568BA9000880166 /* trace_icon.png */; };
		C9899C8E2548C16A00880166 /* CircleView.swift in Sources */ = {isa = PBXBuildFile; fileRef = C9899C8D2548C16A00880166 /* CircleView.swift */; };
		C9899C912548C17200880166 /* LineView.swift in Sources */ = {isa = PBXBuildFile; fileRef = C9899C902548C17200880166 /* LineView.swift */; };
		C9899C942548C17900880166 /* CalView.swift in Sources */ = {isa = PBXBuildFile; fileRef = C9899C932548C17900880166 /* CalView.swift */; };
		C9899C972548C18400880166 /* Overlays.swift in Sources */ = {isa = PBXBuildFile; fileRef = C9899C962548C18400880166 /* Overlays.swift */; };
		C9899C9A2548C47E00880166 /* Task.swift in Sources */ = {isa = PBXBuildFile; fileRef = C9899C992548C47E00880166 /* Task.swift */; };
		C9899C9D2548C48200880166 /* Alert.swift in Sources */ = {isa = PBXBuildFile; fileRef = C9899C9C2548C48200880166 /* Alert.swift */; };
		C9899CA02548C48700880166 /* Cue.swift in Sources */ = {isa = PBXBuildFile; fileRef = C9899C9F2548C48700880166 /* Cue.swift */; };
		C9899CA32549E0D700880166 /* EditView.swift in Sources */ = {isa = PBXBuildFile; fileRef = C9899CA22549E0D700880166 /* EditView.swift */; };
		C99E62E92555FE3500880166 /* TRACETests.swift in Sources */ = {isa = PBXBuildFile; fileRef = C99E62E82555FE3500880166 /* TRACETests.swift */; };
		C9A65D76C3713AC7BB3779FF /* libPods-TRACETests.a in Frameworks */ = {isa = PBXBuildFile; fileRef = 757762C61E3CF80AC6D0C8B6 /* libPods-TRACETests.a */; };
		C9C4D089254B321A00880166 /* credentials.plist in Resources */ = {isa = PBXBuildFile; fileRef = C9C4D088254B321A00880166 /* credentials.plist */; };
		EA4C7898256627BF007677BB /* TRACEUITests.swift in Sources */ = {isa = PBXBuildFile; fileRef = EA4C7897256627BF007677BB /* TRACEUITests.swift */; };
		F5366453C04B9CA71EBAA28F /* libPods-TRACEUITests.a in Frameworks */ = {isa = PBXBuildFile; fileRef = 1A5BB3E156CEA38234705875 /* libPods-TRACEUITests.a */; };
/* End PBXBuildFile section */

/* Begin PBXContainerItemProxy section */
		C99E62EB2555FE3500880166 /* PBXContainerItemProxy */ = {
			isa = PBXContainerItemProxy;
			containerPortal = C9665A8E2541053700880166 /* Project object */;
			proxyType = 1;
			remoteGlobalIDString = C9665A952541053700880166;
			remoteInfo = TRACE;
		};
		EA4C789A256627BF007677BB /* PBXContainerItemProxy */ = {
			isa = PBXContainerItemProxy;
			containerPortal = C9665A8E2541053700880166 /* Project object */;
			proxyType = 1;
			remoteGlobalIDString = C9665A952541053700880166;
			remoteInfo = TRACE;
		};
/* End PBXContainerItemProxy section */

/* Begin PBXFileReference section */
		0D7645146B0F83F9BD6CAF85 /* libPods-TRACE.a */ = {isa = PBXFileReference; explicitFileType = archive.ar; includeInIndex = 0; path = "libPods-TRACE.a"; sourceTree = BUILT_PRODUCTS_DIR; };
		0E9E31A4254C8D50002DB7CD /* EventHandler.swift */ = {isa = PBXFileReference; lastKnownFileType = sourcecode.swift; path = EventHandler.swift; sourceTree = "<group>"; };
		1781D1CCB8002728CA3772A2 /* Pods-TRACE.release.xcconfig */ = {isa = PBXFileReference; includeInIndex = 1; lastKnownFileType = text.xcconfig; name = "Pods-TRACE.release.xcconfig"; path = "Target Support Files/Pods-TRACE/Pods-TRACE.release.xcconfig"; sourceTree = "<group>"; };
		1A5BB3E156CEA38234705875 /* libPods-TRACEUITests.a */ = {isa = PBXFileReference; explicitFileType = archive.ar; includeInIndex = 0; path = "libPods-TRACEUITests.a"; sourceTree = BUILT_PRODUCTS_DIR; };
		3016EDDC374194E7737253A1 /* Pods-TRACETests.debug.xcconfig */ = {isa = PBXFileReference; includeInIndex = 1; lastKnownFileType = text.xcconfig; name = "Pods-TRACETests.debug.xcconfig"; path = "Target Support Files/Pods-TRACETests/Pods-TRACETests.debug.xcconfig"; sourceTree = "<group>"; };
		6051CD7325461791005DEBDB /* Settings.swift */ = {isa = PBXFileReference; lastKnownFileType = sourcecode.swift; path = Settings.swift; sourceTree = "<group>"; };
		6CCBC6C6682B89CE217716EF /* Pods-TRACE.debug.xcconfig */ = {isa = PBXFileReference; includeInIndex = 1; lastKnownFileType = text.xcconfig; name = "Pods-TRACE.debug.xcconfig"; path = "Target Support Files/Pods-TRACE/Pods-TRACE.debug.xcconfig"; sourceTree = "<group>"; };
		757762C61E3CF80AC6D0C8B6 /* libPods-TRACETests.a */ = {isa = PBXFileReference; explicitFileType = archive.ar; includeInIndex = 0; path = "libPods-TRACETests.a"; sourceTree = BUILT_PRODUCTS_DIR; };
		8DFA28DEC48A9E213D7C234D /* Pods-TRACETests.release.xcconfig */ = {isa = PBXFileReference; includeInIndex = 1; lastKnownFileType = text.xcconfig; name = "Pods-TRACETests.release.xcconfig"; path = "Target Support Files/Pods-TRACETests/Pods-TRACETests.release.xcconfig"; sourceTree = "<group>"; };
		99F6BAE6563EA19CD3CF5D03 /* Pods-TRACEUITests.debug.xcconfig */ = {isa = PBXFileReference; includeInIndex = 1; lastKnownFileType = text.xcconfig; name = "Pods-TRACEUITests.debug.xcconfig"; path = "Target Support Files/Pods-TRACEUITests/Pods-TRACEUITests.debug.xcconfig"; sourceTree = "<group>"; };
		A27C24BAE1B8FFF8C269488D /* Pods-TRACEUITests.release.xcconfig */ = {isa = PBXFileReference; includeInIndex = 1; lastKnownFileType = text.xcconfig; name = "Pods-TRACEUITests.release.xcconfig"; path = "Target Support Files/Pods-TRACEUITests/Pods-TRACEUITests.release.xcconfig"; sourceTree = "<group>"; };
		C93B36882583644F0075F898 /* TRACE-Bridging-Header.h */ = {isa = PBXFileReference; lastKnownFileType = sourcecode.c.h; path = "TRACE-Bridging-Header.h"; sourceTree = "<group>"; };
		C93B36972583D8E90075F898 /* Lato-Hairline.ttf */ = {isa = PBXFileReference; lastKnownFileType = file; path = "Lato-Hairline.ttf"; sourceTree = "<group>"; };
		C93B36982583D8E90075F898 /* Lato-Thin.ttf */ = {isa = PBXFileReference; lastKnownFileType = file; path = "Lato-Thin.ttf"; sourceTree = "<group>"; };
		C93B36992583D8EA0075F898 /* Lato-Light.ttf */ = {isa = PBXFileReference; lastKnownFileType = file; path = "Lato-Light.ttf"; sourceTree = "<group>"; };
		C95478D32544F6BA00880166 /* GoogleService-Info.plist */ = {isa = PBXFileReference; fileEncoding = 4; lastKnownFileType = text.plist.xml; path = "GoogleService-Info.plist"; sourceTree = "<group>"; };
		C9665A962541053700880166 /* TRACE.app */ = {isa = PBXFileReference; explicitFileType = wrapper.application; includeInIndex = 0; path = TRACE.app; sourceTree = BUILT_PRODUCTS_DIR; };
		C9665A992541053700880166 /* TRACEApp.swift */ = {isa = PBXFileReference; lastKnownFileType = sourcecode.swift; path = TRACEApp.swift; sourceTree = "<group>"; };
		C9665A9B2541053700880166 /* ContentView.swift */ = {isa = PBXFileReference; lastKnownFileType = sourcecode.swift; path = ContentView.swift; sourceTree = "<group>"; };
		C9665A9D2541053800880166 /* Assets.xcassets */ = {isa = PBXFileReference; lastKnownFileType = folder.assetcatalog; path = Assets.xcassets; sourceTree = "<group>"; };
		C9665AA02541053800880166 /* Preview Assets.xcassets */ = {isa = PBXFileReference; lastKnownFileType = folder.assetcatalog; path = "Preview Assets.xcassets"; sourceTree = "<group>"; };
		C9665AA22541053800880166 /* Info.plist */ = {isa = PBXFileReference; lastKnownFileType = text.plist.xml; path = Info.plist; sourceTree = "<group>"; };
		C97A13E22568BA9000880166 /* trace_icon.png */ = {isa = PBXFileReference; lastKnownFileType = image.png; path = trace_icon.png; sourceTree = "<group>"; };
		C9899C8D2548C16A00880166 /* CircleView.swift */ = {isa = PBXFileReference; lastKnownFileType = sourcecode.swift; path = CircleView.swift; sourceTree = "<group>"; };
		C9899C902548C17200880166 /* LineView.swift */ = {isa = PBXFileReference; lastKnownFileType = sourcecode.swift; path = LineView.swift; sourceTree = "<group>"; };
		C9899C932548C17900880166 /* CalView.swift */ = {isa = PBXFileReference; lastKnownFileType = sourcecode.swift; path = CalView.swift; sourceTree = "<group>"; };
		C9899C962548C18400880166 /* Overlays.swift */ = {isa = PBXFileReference; lastKnownFileType = sourcecode.swift; path = Overlays.swift; sourceTree = "<group>"; };
		C9899C992548C47E00880166 /* Task.swift */ = {isa = PBXFileReference; lastKnownFileType = sourcecode.swift; path = Task.swift; sourceTree = "<group>"; };
		C9899C9C2548C48200880166 /* Alert.swift */ = {isa = PBXFileReference; lastKnownFileType = sourcecode.swift; path = Alert.swift; sourceTree = "<group>"; };
		C9899C9F2548C48700880166 /* Cue.swift */ = {isa = PBXFileReference; lastKnownFileType = sourcecode.swift; path = Cue.swift; sourceTree = "<group>"; };
		C9899CA22549E0D700880166 /* EditView.swift */ = {isa = PBXFileReference; lastKnownFileType = sourcecode.swift; path = EditView.swift; sourceTree = "<group>"; };
		C99E62E62555FE3500880166 /* TRACETests.xctest */ = {isa = PBXFileReference; explicitFileType = wrapper.cfbundle; includeInIndex = 0; path = TRACETests.xctest; sourceTree = BUILT_PRODUCTS_DIR; };
		C99E62E82555FE3500880166 /* TRACETests.swift */ = {isa = PBXFileReference; lastKnownFileType = sourcecode.swift; path = TRACETests.swift; sourceTree = "<group>"; };
		C99E62EA2555FE3500880166 /* Info.plist */ = {isa = PBXFileReference; lastKnownFileType = text.plist.xml; path = Info.plist; sourceTree = "<group>"; };
		C9C4D088254B321A00880166 /* credentials.plist */ = {isa = PBXFileReference; fileEncoding = 4; lastKnownFileType = text.plist.xml; path = credentials.plist; sourceTree = "<group>"; };
		C9C4D08B254B3B9500880166 /* TRACE.entitlements */ = {isa = PBXFileReference; lastKnownFileType = text.plist.entitlements; path = TRACE.entitlements; sourceTree = "<group>"; };
		EA4C7895256627BF007677BB /* TRACEUITests.xctest */ = {isa = PBXFileReference; explicitFileType = wrapper.cfbundle; includeInIndex = 0; path = TRACEUITests.xctest; sourceTree = BUILT_PRODUCTS_DIR; };
		EA4C7897256627BF007677BB /* TRACEUITests.swift */ = {isa = PBXFileReference; lastKnownFileType = sourcecode.swift; path = TRACEUITests.swift; sourceTree = "<group>"; };
		EA4C7899256627BF007677BB /* Info.plist */ = {isa = PBXFileReference; lastKnownFileType = text.plist.xml; path = Info.plist; sourceTree = "<group>"; };
/* End PBXFileReference section */

/* Begin PBXFrameworksBuildPhase section */
		C9665A932541053700880166 /* Frameworks */ = {
			isa = PBXFrameworksBuildPhase;
			buildActionMask = 2147483647;
			files = (
				C36DF8EE25B85782103EFC08 /* libPods-TRACE.a in Frameworks */,
			);
			runOnlyForDeploymentPostprocessing = 0;
		};
		C99E62E32555FE3500880166 /* Frameworks */ = {
			isa = PBXFrameworksBuildPhase;
			buildActionMask = 2147483647;
			files = (
				C9A65D76C3713AC7BB3779FF /* libPods-TRACETests.a in Frameworks */,
			);
			runOnlyForDeploymentPostprocessing = 0;
		};
		EA4C7892256627BF007677BB /* Frameworks */ = {
			isa = PBXFrameworksBuildPhase;
			buildActionMask = 2147483647;
			files = (
				F5366453C04B9CA71EBAA28F /* libPods-TRACEUITests.a in Frameworks */,
			);
			runOnlyForDeploymentPostprocessing = 0;
		};
/* End PBXFrameworksBuildPhase section */

/* Begin PBXGroup section */
		16E24F72D4E4D57CC75A9996 /* Pods */ = {
			isa = PBXGroup;
			children = (
				6CCBC6C6682B89CE217716EF /* Pods-TRACE.debug.xcconfig */,
				1781D1CCB8002728CA3772A2 /* Pods-TRACE.release.xcconfig */,
				3016EDDC374194E7737253A1 /* Pods-TRACETests.debug.xcconfig */,
				8DFA28DEC48A9E213D7C234D /* Pods-TRACETests.release.xcconfig */,
				99F6BAE6563EA19CD3CF5D03 /* Pods-TRACEUITests.debug.xcconfig */,
				A27C24BAE1B8FFF8C269488D /* Pods-TRACEUITests.release.xcconfig */,
			);
			path = Pods;
			sourceTree = "<group>";
		};
		26C5D5591A11E05667BF20EB /* Frameworks */ = {
			isa = PBXGroup;
			children = (
				0D7645146B0F83F9BD6CAF85 /* libPods-TRACE.a */,
				757762C61E3CF80AC6D0C8B6 /* libPods-TRACETests.a */,
				1A5BB3E156CEA38234705875 /* libPods-TRACEUITests.a */,
			);
			name = Frameworks;
			sourceTree = "<group>";
		};
		C93B36962583D8840075F898 /* Fonts */ = {
			isa = PBXGroup;
			children = (
				C93B36972583D8E90075F898 /* Lato-Hairline.ttf */,
				C93B36992583D8EA0075F898 /* Lato-Light.ttf */,
				C93B36982583D8E90075F898 /* Lato-Thin.ttf */,
			);
			path = Fonts;
			sourceTree = "<group>";
		};
		C9665A8D2541053700880166 = {
			isa = PBXGroup;
			children = (
				C9665A982541053700880166 /* TRACE */,
				C99E62E72555FE3500880166 /* TRACETests */,
				EA4C7896256627BF007677BB /* TRACEUITests */,
				C9665A972541053700880166 /* Products */,
				16E24F72D4E4D57CC75A9996 /* Pods */,
				26C5D5591A11E05667BF20EB /* Frameworks */,
			);
			sourceTree = "<group>";
		};
		C9665A972541053700880166 /* Products */ = {
			isa = PBXGroup;
			children = (
				C9665A962541053700880166 /* TRACE.app */,
				C99E62E62555FE3500880166 /* TRACETests.xctest */,
				EA4C7895256627BF007677BB /* TRACEUITests.xctest */,
			);
			name = Products;
			sourceTree = "<group>";
		};
		C9665A982541053700880166 /* TRACE */ = {
			isa = PBXGroup;
			children = (
				C9C4D08B254B3B9500880166 /* TRACE.entitlements */,
				C9C4D088254B321A00880166 /* credentials.plist */,
				C95478D32544F6BA00880166 /* GoogleService-Info.plist */,
				C9665A992541053700880166 /* TRACEApp.swift */,
				C9665A9B2541053700880166 /* ContentView.swift */,
				C9899CA22549E0D700880166 /* EditView.swift */,
				C9899C8D2548C16A00880166 /* CircleView.swift */,
				C9899C992548C47E00880166 /* Task.swift */,
				C9899C9F2548C48700880166 /* Cue.swift */,
				C9899C9C2548C48200880166 /* Alert.swift */,
				C9899C902548C17200880166 /* LineView.swift */,
				C9899C932548C17900880166 /* CalView.swift */,
				C9899C962548C18400880166 /* Overlays.swift */,
				C9665A9D2541053800880166 /* Assets.xcassets */,
				C93B36962583D8840075F898 /* Fonts */,
				C9665AA22541053800880166 /* Info.plist */,
				C97A13E22568BA9000880166 /* trace_icon.png */,
				C9665A9F2541053800880166 /* Preview Content */,
				6051CD7325461791005DEBDB /* Settings.swift */,
				0E9E31A4254C8D50002DB7CD /* EventHandler.swift */,
				C93B36882583644F0075F898 /* TRACE-Bridging-Header.h */,
			);
			path = TRACE;
			sourceTree = "<group>";
		};
		C9665A9F2541053800880166 /* Preview Content */ = {
			isa = PBXGroup;
			children = (
				C9665AA02541053800880166 /* Preview Assets.xcassets */,
			);
			path = "Preview Content";
			sourceTree = "<group>";
		};
		C99E62E72555FE3500880166 /* TRACETests */ = {
			isa = PBXGroup;
			children = (
				C99E62E82555FE3500880166 /* TRACETests.swift */,
				C99E62EA2555FE3500880166 /* Info.plist */,
			);
			path = TRACETests;
			sourceTree = "<group>";
		};
		EA4C7896256627BF007677BB /* TRACEUITests */ = {
			isa = PBXGroup;
			children = (
				EA4C7897256627BF007677BB /* TRACEUITests.swift */,
				EA4C7899256627BF007677BB /* Info.plist */,
			);
			path = TRACEUITests;
			sourceTree = "<group>";
		};
/* End PBXGroup section */

/* Begin PBXNativeTarget section */
		C9665A952541053700880166 /* TRACE */ = {
			isa = PBXNativeTarget;
			buildConfigurationList = C9665AA52541053800880166 /* Build configuration list for PBXNativeTarget "TRACE" */;
			buildPhases = (
				EE8624481B4BA8718D799A25 /* [CP] Check Pods Manifest.lock */,
				C9665A922541053700880166 /* Sources */,
				C9665A932541053700880166 /* Frameworks */,
				C9665A942541053700880166 /* Resources */,
				F5E1DC2CC0CDA2F69DF60D3D /* [CP] Copy Pods Resources */,
			);
			buildRules = (
			);
			dependencies = (
			);
			name = TRACE;
			productName = TRACE;
			productReference = C9665A962541053700880166 /* TRACE.app */;
			productType = "com.apple.product-type.application";
		};
		C99E62E52555FE3500880166 /* TRACETests */ = {
			isa = PBXNativeTarget;
			buildConfigurationList = C99E62ED2555FE3500880166 /* Build configuration list for PBXNativeTarget "TRACETests" */;
			buildPhases = (
				32BCCE19A5CCF5FE3D75C83C /* [CP] Check Pods Manifest.lock */,
				C99E62E22555FE3500880166 /* Sources */,
				C99E62E32555FE3500880166 /* Frameworks */,
				C99E62E42555FE3500880166 /* Resources */,
				E9A08EC58A4813895033C849 /* [CP] Copy Pods Resources */,
			);
			buildRules = (
			);
			dependencies = (
				C99E62EC2555FE3500880166 /* PBXTargetDependency */,
			);
			name = TRACETests;
			productName = TRACETests;
			productReference = C99E62E62555FE3500880166 /* TRACETests.xctest */;
			productType = "com.apple.product-type.bundle.unit-test";
		};
		EA4C7894256627BF007677BB /* TRACEUITests */ = {
			isa = PBXNativeTarget;
			buildConfigurationList = EA4C789E256627BF007677BB /* Build configuration list for PBXNativeTarget "TRACEUITests" */;
			buildPhases = (
				0942DBEE22556A2D0100C737 /* [CP] Check Pods Manifest.lock */,
				EA4C7891256627BF007677BB /* Sources */,
				EA4C7892256627BF007677BB /* Frameworks */,
				EA4C7893256627BF007677BB /* Resources */,
				8B60F76A89B3F8EC41CEC506 /* [CP] Copy Pods Resources */,
			);
			buildRules = (
			);
			dependencies = (
				EA4C789B256627BF007677BB /* PBXTargetDependency */,
			);
			name = TRACEUITests;
			productName = TRACEUITests;
			productReference = EA4C7895256627BF007677BB /* TRACEUITests.xctest */;
			productType = "com.apple.product-type.bundle.ui-testing";
		};
/* End PBXNativeTarget section */

/* Begin PBXProject section */
		C9665A8E2541053700880166 /* Project object */ = {
			isa = PBXProject;
			attributes = {
				LastSwiftUpdateCheck = 1220;
				LastUpgradeCheck = 1200;
				TargetAttributes = {
					C9665A952541053700880166 = {
						CreatedOnToolsVersion = 12.0.1;
						LastSwiftMigration = 1220;
					};
					C99E62E52555FE3500880166 = {
						CreatedOnToolsVersion = 12.1;
						TestTargetID = C9665A952541053700880166;
					};
					EA4C7894256627BF007677BB = {
						CreatedOnToolsVersion = 12.2;
						TestTargetID = C9665A952541053700880166;
					};
				};
			};
			buildConfigurationList = C9665A912541053700880166 /* Build configuration list for PBXProject "TRACE" */;
			compatibilityVersion = "Xcode 9.3";
			developmentRegion = en;
			hasScannedForEncodings = 0;
			knownRegions = (
				en,
				Base,
			);
			mainGroup = C9665A8D2541053700880166;
			productRefGroup = C9665A972541053700880166 /* Products */;
			projectDirPath = "";
			projectRoot = "";
			targets = (
				C9665A952541053700880166 /* TRACE */,
				C99E62E52555FE3500880166 /* TRACETests */,
				EA4C7894256627BF007677BB /* TRACEUITests */,
			);
		};
/* End PBXProject section */

/* Begin PBXResourcesBuildPhase section */
		C9665A942541053700880166 /* Resources */ = {
			isa = PBXResourcesBuildPhase;
			buildActionMask = 2147483647;
			files = (
				C9665AA12541053800880166 /* Preview Assets.xcassets in Resources */,
				C9C4D089254B321A00880166 /* credentials.plist in Resources */,
				C93B369B2583D8EA0075F898 /* Lato-Thin.ttf in Resources */,
				C93B369A2583D8EA0075F898 /* Lato-Hairline.ttf in Resources */,
				C97A13E32568BA9000880166 /* trace_icon.png in Resources */,
				C9665A9E2541053800880166 /* Assets.xcassets in Resources */,
				C95478D42544F6BA00880166 /* GoogleService-Info.plist in Resources */,
				C93B369C2583D8EA0075F898 /* Lato-Light.ttf in Resources */,
			);
			runOnlyForDeploymentPostprocessing = 0;
		};
		C99E62E42555FE3500880166 /* Resources */ = {
			isa = PBXResourcesBuildPhase;
			buildActionMask = 2147483647;
			files = (
			);
			runOnlyForDeploymentPostprocessing = 0;
		};
		EA4C7893256627BF007677BB /* Resources */ = {
			isa = PBXResourcesBuildPhase;
			buildActionMask = 2147483647;
			files = (
			);
			runOnlyForDeploymentPostprocessing = 0;
		};
/* End PBXResourcesBuildPhase section */

/* Begin PBXShellScriptBuildPhase section */
		0942DBEE22556A2D0100C737 /* [CP] Check Pods Manifest.lock */ = {
			isa = PBXShellScriptBuildPhase;
			buildActionMask = 2147483647;
			files = (
			);
			inputFileListPaths = (
			);
			inputPaths = (
				"${PODS_PODFILE_DIR_PATH}/Podfile.lock",
				"${PODS_ROOT}/Manifest.lock",
			);
			name = "[CP] Check Pods Manifest.lock";
			outputFileListPaths = (
			);
			outputPaths = (
				"$(DERIVED_FILE_DIR)/Pods-TRACEUITests-checkManifestLockResult.txt",
			);
			runOnlyForDeploymentPostprocessing = 0;
			shellPath = /bin/sh;
			shellScript = "diff \"${PODS_PODFILE_DIR_PATH}/Podfile.lock\" \"${PODS_ROOT}/Manifest.lock\" > /dev/null\nif [ $? != 0 ] ; then\n    # print error to STDERR\n    echo \"error: The sandbox is not in sync with the Podfile.lock. Run 'pod install' or update your CocoaPods installation.\" >&2\n    exit 1\nfi\n# This output is used by Xcode 'outputs' to avoid re-running this script phase.\necho \"SUCCESS\" > \"${SCRIPT_OUTPUT_FILE_0}\"\n";
			showEnvVarsInLog = 0;
		};
		32BCCE19A5CCF5FE3D75C83C /* [CP] Check Pods Manifest.lock */ = {
			isa = PBXShellScriptBuildPhase;
			buildActionMask = 2147483647;
			files = (
			);
			inputFileListPaths = (
			);
			inputPaths = (
				"${PODS_PODFILE_DIR_PATH}/Podfile.lock",
				"${PODS_ROOT}/Manifest.lock",
			);
			name = "[CP] Check Pods Manifest.lock";
			outputFileListPaths = (
			);
			outputPaths = (
				"$(DERIVED_FILE_DIR)/Pods-TRACETests-checkManifestLockResult.txt",
			);
			runOnlyForDeploymentPostprocessing = 0;
			shellPath = /bin/sh;
			shellScript = "diff \"${PODS_PODFILE_DIR_PATH}/Podfile.lock\" \"${PODS_ROOT}/Manifest.lock\" > /dev/null\nif [ $? != 0 ] ; then\n    # print error to STDERR\n    echo \"error: The sandbox is not in sync with the Podfile.lock. Run 'pod install' or update your CocoaPods installation.\" >&2\n    exit 1\nfi\n# This output is used by Xcode 'outputs' to avoid re-running this script phase.\necho \"SUCCESS\" > \"${SCRIPT_OUTPUT_FILE_0}\"\n";
			showEnvVarsInLog = 0;
		};
		8B60F76A89B3F8EC41CEC506 /* [CP] Copy Pods Resources */ = {
			isa = PBXShellScriptBuildPhase;
			buildActionMask = 2147483647;
			files = (
			);
			inputFileListPaths = (
				"${PODS_ROOT}/Target Support Files/Pods-TRACEUITests/Pods-TRACEUITests-resources-${CONFIGURATION}-input-files.xcfilelist",
			);
			name = "[CP] Copy Pods Resources";
			outputFileListPaths = (
				"${PODS_ROOT}/Target Support Files/Pods-TRACEUITests/Pods-TRACEUITests-resources-${CONFIGURATION}-output-files.xcfilelist",
			);
			runOnlyForDeploymentPostprocessing = 0;
			shellPath = /bin/sh;
			shellScript = "\"${PODS_ROOT}/Target Support Files/Pods-TRACEUITests/Pods-TRACEUITests-resources.sh\"\n";
			showEnvVarsInLog = 0;
		};
		E9A08EC58A4813895033C849 /* [CP] Copy Pods Resources */ = {
			isa = PBXShellScriptBuildPhase;
			buildActionMask = 2147483647;
			files = (
			);
			inputFileListPaths = (
				"${PODS_ROOT}/Target Support Files/Pods-TRACETests/Pods-TRACETests-resources-${CONFIGURATION}-input-files.xcfilelist",
			);
			name = "[CP] Copy Pods Resources";
			outputFileListPaths = (
				"${PODS_ROOT}/Target Support Files/Pods-TRACETests/Pods-TRACETests-resources-${CONFIGURATION}-output-files.xcfilelist",
			);
			runOnlyForDeploymentPostprocessing = 0;
			shellPath = /bin/sh;
			shellScript = "\"${PODS_ROOT}/Target Support Files/Pods-TRACETests/Pods-TRACETests-resources.sh\"\n";
			showEnvVarsInLog = 0;
		};
		EE8624481B4BA8718D799A25 /* [CP] Check Pods Manifest.lock */ = {
			isa = PBXShellScriptBuildPhase;
			buildActionMask = 2147483647;
			files = (
			);
			inputFileListPaths = (
			);
			inputPaths = (
				"${PODS_PODFILE_DIR_PATH}/Podfile.lock",
				"${PODS_ROOT}/Manifest.lock",
			);
			name = "[CP] Check Pods Manifest.lock";
			outputFileListPaths = (
			);
			outputPaths = (
				"$(DERIVED_FILE_DIR)/Pods-TRACE-checkManifestLockResult.txt",
			);
			runOnlyForDeploymentPostprocessing = 0;
			shellPath = /bin/sh;
			shellScript = "diff \"${PODS_PODFILE_DIR_PATH}/Podfile.lock\" \"${PODS_ROOT}/Manifest.lock\" > /dev/null\nif [ $? != 0 ] ; then\n    # print error to STDERR\n    echo \"error: The sandbox is not in sync with the Podfile.lock. Run 'pod install' or update your CocoaPods installation.\" >&2\n    exit 1\nfi\n# This output is used by Xcode 'outputs' to avoid re-running this script phase.\necho \"SUCCESS\" > \"${SCRIPT_OUTPUT_FILE_0}\"\n";
			showEnvVarsInLog = 0;
		};
		F5E1DC2CC0CDA2F69DF60D3D /* [CP] Copy Pods Resources */ = {
			isa = PBXShellScriptBuildPhase;
			buildActionMask = 2147483647;
			files = (
			);
			inputFileListPaths = (
				"${PODS_ROOT}/Target Support Files/Pods-TRACE/Pods-TRACE-resources-${CONFIGURATION}-input-files.xcfilelist",
			);
			name = "[CP] Copy Pods Resources";
			outputFileListPaths = (
				"${PODS_ROOT}/Target Support Files/Pods-TRACE/Pods-TRACE-resources-${CONFIGURATION}-output-files.xcfilelist",
			);
			runOnlyForDeploymentPostprocessing = 0;
			shellPath = /bin/sh;
			shellScript = "\"${PODS_ROOT}/Target Support Files/Pods-TRACE/Pods-TRACE-resources.sh\"\n";
			showEnvVarsInLog = 0;
		};
/* End PBXShellScriptBuildPhase section */

/* Begin PBXSourcesBuildPhase section */
		C9665A922541053700880166 /* Sources */ = {
			isa = PBXSourcesBuildPhase;
			buildActionMask = 2147483647;
			files = (
				C9899C9D2548C48200880166 /* Alert.swift in Sources */,
				0E9E31A5254C8D50002DB7CD /* EventHandler.swift in Sources */,
				C9899CA02548C48700880166 /* Cue.swift in Sources */,
				C9899CA32549E0D700880166 /* EditView.swift in Sources */,
				C9899C9A2548C47E00880166 /* Task.swift in Sources */,
				6051CD7425461791005DEBDB /* Settings.swift in Sources */,
				C9899C972548C18400880166 /* Overlays.swift in Sources */,
				C9899C942548C17900880166 /* CalView.swift in Sources */,
				C9899C8E2548C16A00880166 /* CircleView.swift in Sources */,
				C9665A9C2541053700880166 /* ContentView.swift in Sources */,
				C9665A9A2541053700880166 /* TRACEApp.swift in Sources */,
				C9899C912548C17200880166 /* LineView.swift in Sources */,
			);
			runOnlyForDeploymentPostprocessing = 0;
		};
		C99E62E22555FE3500880166 /* Sources */ = {
			isa = PBXSourcesBuildPhase;
			buildActionMask = 2147483647;
			files = (
				C99E62E92555FE3500880166 /* TRACETests.swift in Sources */,
			);
			runOnlyForDeploymentPostprocessing = 0;
		};
		EA4C7891256627BF007677BB /* Sources */ = {
			isa = PBXSourcesBuildPhase;
			buildActionMask = 2147483647;
			files = (
				EA4C7898256627BF007677BB /* TRACEUITests.swift in Sources */,
			);
			runOnlyForDeploymentPostprocessing = 0;
		};
/* End PBXSourcesBuildPhase section */

/* Begin PBXTargetDependency section */
		C99E62EC2555FE3500880166 /* PBXTargetDependency */ = {
			isa = PBXTargetDependency;
			target = C9665A952541053700880166 /* TRACE */;
			targetProxy = C99E62EB2555FE3500880166 /* PBXContainerItemProxy */;
		};
		EA4C789B256627BF007677BB /* PBXTargetDependency */ = {
			isa = PBXTargetDependency;
			target = C9665A952541053700880166 /* TRACE */;
			targetProxy = EA4C789A256627BF007677BB /* PBXContainerItemProxy */;
		};
/* End PBXTargetDependency section */

/* Begin XCBuildConfiguration section */
		C9665AA32541053800880166 /* Debug */ = {
			isa = XCBuildConfiguration;
			buildSettings = {
				ALWAYS_SEARCH_USER_PATHS = NO;
				CLANG_ANALYZER_NONNULL = YES;
				CLANG_ANALYZER_NUMBER_OBJECT_CONVERSION = YES_AGGRESSIVE;
				CLANG_CXX_LANGUAGE_STANDARD = "gnu++14";
				CLANG_CXX_LIBRARY = "libc++";
				CLANG_ENABLE_MODULES = YES;
				CLANG_ENABLE_OBJC_ARC = YES;
				CLANG_ENABLE_OBJC_WEAK = YES;
				CLANG_WARN_BLOCK_CAPTURE_AUTORELEASING = YES;
				CLANG_WARN_BOOL_CONVERSION = YES;
				CLANG_WARN_COMMA = YES;
				CLANG_WARN_CONSTANT_CONVERSION = YES;
				CLANG_WARN_DEPRECATED_OBJC_IMPLEMENTATIONS = YES;
				CLANG_WARN_DIRECT_OBJC_ISA_USAGE = YES_ERROR;
				CLANG_WARN_DOCUMENTATION_COMMENTS = YES;
				CLANG_WARN_EMPTY_BODY = YES;
				CLANG_WARN_ENUM_CONVERSION = YES;
				CLANG_WARN_INFINITE_RECURSION = YES;
				CLANG_WARN_INT_CONVERSION = YES;
				CLANG_WARN_NON_LITERAL_NULL_CONVERSION = YES;
				CLANG_WARN_OBJC_IMPLICIT_RETAIN_SELF = YES;
				CLANG_WARN_OBJC_LITERAL_CONVERSION = YES;
				CLANG_WARN_OBJC_ROOT_CLASS = YES_ERROR;
				CLANG_WARN_QUOTED_INCLUDE_IN_FRAMEWORK_HEADER = YES;
				CLANG_WARN_RANGE_LOOP_ANALYSIS = YES;
				CLANG_WARN_STRICT_PROTOTYPES = YES;
				CLANG_WARN_SUSPICIOUS_MOVE = YES;
				CLANG_WARN_UNGUARDED_AVAILABILITY = YES_AGGRESSIVE;
				CLANG_WARN_UNREACHABLE_CODE = YES;
				CLANG_WARN__DUPLICATE_METHOD_MATCH = YES;
				COPY_PHASE_STRIP = NO;
				DEBUG_INFORMATION_FORMAT = dwarf;
				ENABLE_STRICT_OBJC_MSGSEND = YES;
				ENABLE_TESTABILITY = YES;
				"EXCLUDED_ARCHS[sdk=iphonesimulator*]" = arm64;
				GCC_C_LANGUAGE_STANDARD = gnu11;
				GCC_DYNAMIC_NO_PIC = NO;
				GCC_NO_COMMON_BLOCKS = YES;
				GCC_OPTIMIZATION_LEVEL = 0;
				GCC_PREPROCESSOR_DEFINITIONS = (
					"DEBUG=1",
					"$(inherited)",
				);
				GCC_WARN_64_TO_32_BIT_CONVERSION = YES;
				GCC_WARN_ABOUT_RETURN_TYPE = YES_ERROR;
				GCC_WARN_UNDECLARED_SELECTOR = YES;
				GCC_WARN_UNINITIALIZED_AUTOS = YES_AGGRESSIVE;
				GCC_WARN_UNUSED_FUNCTION = YES;
				GCC_WARN_UNUSED_VARIABLE = YES;
				IPHONEOS_DEPLOYMENT_TARGET = 14.0;
				MTL_ENABLE_DEBUG_INFO = INCLUDE_SOURCE;
				MTL_FAST_MATH = YES;
				NEW_SETTING = "";
				ONLY_ACTIVE_ARCH = YES;
				SDKROOT = iphoneos;
				SWIFT_ACTIVE_COMPILATION_CONDITIONS = DEBUG;
				SWIFT_OPTIMIZATION_LEVEL = "-Onone";
			};
			name = Debug;
		};
		C9665AA42541053800880166 /* Release */ = {
			isa = XCBuildConfiguration;
			buildSettings = {
				ALWAYS_SEARCH_USER_PATHS = NO;
				CLANG_ANALYZER_NONNULL = YES;
				CLANG_ANALYZER_NUMBER_OBJECT_CONVERSION = YES_AGGRESSIVE;
				CLANG_CXX_LANGUAGE_STANDARD = "gnu++14";
				CLANG_CXX_LIBRARY = "libc++";
				CLANG_ENABLE_MODULES = YES;
				CLANG_ENABLE_OBJC_ARC = YES;
				CLANG_ENABLE_OBJC_WEAK = YES;
				CLANG_WARN_BLOCK_CAPTURE_AUTORELEASING = YES;
				CLANG_WARN_BOOL_CONVERSION = YES;
				CLANG_WARN_COMMA = YES;
				CLANG_WARN_CONSTANT_CONVERSION = YES;
				CLANG_WARN_DEPRECATED_OBJC_IMPLEMENTATIONS = YES;
				CLANG_WARN_DIRECT_OBJC_ISA_USAGE = YES_ERROR;
				CLANG_WARN_DOCUMENTATION_COMMENTS = YES;
				CLANG_WARN_EMPTY_BODY = YES;
				CLANG_WARN_ENUM_CONVERSION = YES;
				CLANG_WARN_INFINITE_RECURSION = YES;
				CLANG_WARN_INT_CONVERSION = YES;
				CLANG_WARN_NON_LITERAL_NULL_CONVERSION = YES;
				CLANG_WARN_OBJC_IMPLICIT_RETAIN_SELF = YES;
				CLANG_WARN_OBJC_LITERAL_CONVERSION = YES;
				CLANG_WARN_OBJC_ROOT_CLASS = YES_ERROR;
				CLANG_WARN_QUOTED_INCLUDE_IN_FRAMEWORK_HEADER = YES;
				CLANG_WARN_RANGE_LOOP_ANALYSIS = YES;
				CLANG_WARN_STRICT_PROTOTYPES = YES;
				CLANG_WARN_SUSPICIOUS_MOVE = YES;
				CLANG_WARN_UNGUARDED_AVAILABILITY = YES_AGGRESSIVE;
				CLANG_WARN_UNREACHABLE_CODE = YES;
				CLANG_WARN__DUPLICATE_METHOD_MATCH = YES;
				COPY_PHASE_STRIP = NO;
				DEBUG_INFORMATION_FORMAT = "dwarf-with-dsym";
				ENABLE_NS_ASSERTIONS = NO;
				ENABLE_STRICT_OBJC_MSGSEND = YES;
				"EXCLUDED_ARCHS[sdk=iphonesimulator*]" = arm64;
				GCC_C_LANGUAGE_STANDARD = gnu11;
				GCC_NO_COMMON_BLOCKS = YES;
				GCC_WARN_64_TO_32_BIT_CONVERSION = YES;
				GCC_WARN_ABOUT_RETURN_TYPE = YES_ERROR;
				GCC_WARN_UNDECLARED_SELECTOR = YES;
				GCC_WARN_UNINITIALIZED_AUTOS = YES_AGGRESSIVE;
				GCC_WARN_UNUSED_FUNCTION = YES;
				GCC_WARN_UNUSED_VARIABLE = YES;
				IPHONEOS_DEPLOYMENT_TARGET = 14.0;
				MTL_ENABLE_DEBUG_INFO = NO;
				MTL_FAST_MATH = YES;
				NEW_SETTING = "";
				SDKROOT = iphoneos;
				SWIFT_COMPILATION_MODE = wholemodule;
				SWIFT_OPTIMIZATION_LEVEL = "-O";
				VALIDATE_PRODUCT = YES;
			};
			name = Release;
		};
		C9665AA62541053800880166 /* Debug */ = {
			isa = XCBuildConfiguration;
			baseConfigurationReference = 6CCBC6C6682B89CE217716EF /* Pods-TRACE.debug.xcconfig */;
			buildSettings = {
				ASSETCATALOG_COMPILER_APPICON_NAME = AppIcon;
				ASSETCATALOG_COMPILER_GLOBAL_ACCENT_COLOR_NAME = AccentColor;
				CLANG_ENABLE_MODULES = YES;
				CODE_SIGN_ENTITLEMENTS = TRACE/TRACE.entitlements;
				CODE_SIGN_STYLE = Automatic;
				DEVELOPMENT_ASSET_PATHS = "\"TRACE/Preview Content\"";
				DEVELOPMENT_TEAM = GC6FJWA2CX;
				ENABLE_PREVIEWS = YES;
				INFOPLIST_FILE = TRACE/Info.plist;
				IPHONEOS_DEPLOYMENT_TARGET = 14.0;
				LD_RUNPATH_SEARCH_PATHS = (
					"$(inherited)",
					"@executable_path/Frameworks",
				);
				MARKETING_VERSION = 1.6;
				PRODUCT_BUNDLE_IDENTIFIER = Matt.TRACE;
				PRODUCT_NAME = "$(TARGET_NAME)";
				SWIFT_OBJC_BRIDGING_HEADER = "TRACE/TRACE-Bridging-Header.h";
				SWIFT_OPTIMIZATION_LEVEL = "-Onone";
				SWIFT_VERSION = 5.0;
				TARGETED_DEVICE_FAMILY = "1,2";
			};
			name = Debug;
		};
		C9665AA72541053800880166 /* Release */ = {
			isa = XCBuildConfiguration;
			baseConfigurationReference = 1781D1CCB8002728CA3772A2 /* Pods-TRACE.release.xcconfig */;
			buildSettings = {
				ASSETCATALOG_COMPILER_APPICON_NAME = AppIcon;
				ASSETCATALOG_COMPILER_GLOBAL_ACCENT_COLOR_NAME = AccentColor;
				CLANG_ENABLE_MODULES = YES;
				CODE_SIGN_ENTITLEMENTS = TRACE/TRACE.entitlements;
				CODE_SIGN_STYLE = Automatic;
				DEVELOPMENT_ASSET_PATHS = "\"TRACE/Preview Content\"";
				DEVELOPMENT_TEAM = GC6FJWA2CX;
				ENABLE_PREVIEWS = YES;
				INFOPLIST_FILE = TRACE/Info.plist;
				IPHONEOS_DEPLOYMENT_TARGET = 14.0;
				LD_RUNPATH_SEARCH_PATHS = (
					"$(inherited)",
					"@executable_path/Frameworks",
				);
				MARKETING_VERSION = 1.6;
				PRODUCT_BUNDLE_IDENTIFIER = Matt.TRACE;
				PRODUCT_NAME = "$(TARGET_NAME)";
				SWIFT_OBJC_BRIDGING_HEADER = "TRACE/TRACE-Bridging-Header.h";
				SWIFT_VERSION = 5.0;
				TARGETED_DEVICE_FAMILY = "1,2";
			};
			name = Release;
		};
		C99E62EE2555FE3500880166 /* Debug */ = {
			isa = XCBuildConfiguration;
			baseConfigurationReference = 3016EDDC374194E7737253A1 /* Pods-TRACETests.debug.xcconfig */;
			buildSettings = {
				BUNDLE_LOADER = "$(TEST_HOST)";
				CODE_SIGN_STYLE = Automatic;
				DEVELOPMENT_TEAM = GC6FJWA2CX;
				INFOPLIST_FILE = TRACETests/Info.plist;
				IPHONEOS_DEPLOYMENT_TARGET = 14.1;
				LD_RUNPATH_SEARCH_PATHS = (
					"$(inherited)",
					"@executable_path/Frameworks",
					"@loader_path/Frameworks",
				);
				PRODUCT_BUNDLE_IDENTIFIER = Matt.TRACETests;
				PRODUCT_NAME = "$(TARGET_NAME)";
				SWIFT_VERSION = 5.0;
				TARGETED_DEVICE_FAMILY = "1,2";
				TEST_HOST = "$(BUILT_PRODUCTS_DIR)/TRACE.app/TRACE";
			};
			name = Debug;
		};
		C99E62EF2555FE3500880166 /* Release */ = {
			isa = XCBuildConfiguration;
			baseConfigurationReference = 8DFA28DEC48A9E213D7C234D /* Pods-TRACETests.release.xcconfig */;
			buildSettings = {
				BUNDLE_LOADER = "$(TEST_HOST)";
				CODE_SIGN_STYLE = Automatic;
				DEVELOPMENT_TEAM = GC6FJWA2CX;
				INFOPLIST_FILE = TRACETests/Info.plist;
				IPHONEOS_DEPLOYMENT_TARGET = 14.1;
				LD_RUNPATH_SEARCH_PATHS = (
					"$(inherited)",
					"@executable_path/Frameworks",
					"@loader_path/Frameworks",
				);
				PRODUCT_BUNDLE_IDENTIFIER = Matt.TRACETests;
				PRODUCT_NAME = "$(TARGET_NAME)";
				SWIFT_VERSION = 5.0;
				TARGETED_DEVICE_FAMILY = "1,2";
				TEST_HOST = "$(BUILT_PRODUCTS_DIR)/TRACE.app/TRACE";
			};
			name = Release;
		};
		EA4C789C256627BF007677BB /* Debug */ = {
			isa = XCBuildConfiguration;
			baseConfigurationReference = 99F6BAE6563EA19CD3CF5D03 /* Pods-TRACEUITests.debug.xcconfig */;
			buildSettings = {
				CODE_SIGN_STYLE = Automatic;
				INFOPLIST_FILE = TRACEUITests/Info.plist;
				IPHONEOS_DEPLOYMENT_TARGET = 14.2;
				LD_RUNPATH_SEARCH_PATHS = (
					"$(inherited)",
					"@executable_path/Frameworks",
					"@loader_path/Frameworks",
				);
				PRODUCT_BUNDLE_IDENTIFIER = traceteam.TRACEUITests;
				PRODUCT_NAME = "$(TARGET_NAME)";
				SWIFT_VERSION = 5.0;
				TARGETED_DEVICE_FAMILY = "1,2";
				TEST_TARGET_NAME = TRACE;
			};
			name = Debug;
		};
		EA4C789D256627BF007677BB /* Release */ = {
			isa = XCBuildConfiguration;
			baseConfigurationReference = A27C24BAE1B8FFF8C269488D /* Pods-TRACEUITests.release.xcconfig */;
			buildSettings = {
				CODE_SIGN_STYLE = Automatic;
				INFOPLIST_FILE = TRACEUITests/Info.plist;
				IPHONEOS_DEPLOYMENT_TARGET = 14.2;
				LD_RUNPATH_SEARCH_PATHS = (
					"$(inherited)",
					"@executable_path/Frameworks",
					"@loader_path/Frameworks",
				);
				PRODUCT_BUNDLE_IDENTIFIER = traceteam.TRACEUITests;
				PRODUCT_NAME = "$(TARGET_NAME)";
				SWIFT_VERSION = 5.0;
				TARGETED_DEVICE_FAMILY = "1,2";
				TEST_TARGET_NAME = TRACE;
			};
			name = Release;
		};
/* End XCBuildConfiguration section */

/* Begin XCConfigurationList section */
		C9665A912541053700880166 /* Build configuration list for PBXProject "TRACE" */ = {
			isa = XCConfigurationList;
			buildConfigurations = (
				C9665AA32541053800880166 /* Debug */,
				C9665AA42541053800880166 /* Release */,
			);
			defaultConfigurationIsVisible = 0;
			defaultConfigurationName = Release;
		};
		C9665AA52541053800880166 /* Build configuration list for PBXNativeTarget "TRACE" */ = {
			isa = XCConfigurationList;
			buildConfigurations = (
				C9665AA62541053800880166 /* Debug */,
				C9665AA72541053800880166 /* Release */,
			);
			defaultConfigurationIsVisible = 0;
			defaultConfigurationName = Release;
		};
		C99E62ED2555FE3500880166 /* Build configuration list for PBXNativeTarget "TRACETests" */ = {
			isa = XCConfigurationList;
			buildConfigurations = (
				C99E62EE2555FE3500880166 /* Debug */,
				C99E62EF2555FE3500880166 /* Release */,
			);
			defaultConfigurationIsVisible = 0;
			defaultConfigurationName = Release;
		};
		EA4C789E256627BF007677BB /* Build configuration list for PBXNativeTarget "TRACEUITests" */ = {
			isa = XCConfigurationList;
			buildConfigurations = (
				EA4C789C256627BF007677BB /* Debug */,
				EA4C789D256627BF007677BB /* Release */,
			);
			defaultConfigurationIsVisible = 0;
			defaultConfigurationName = Release;
		};
/* End XCConfigurationList section */
	};
	rootObject = C9665A8E2541053700880166 /* Project object */;
}
