// !$*UTF8*$!
{
	archiveVersion = 1;
	classes = {
	};
	objectVersion = 50;
	objects = {

/* Begin PBXBuildFile section */
		C36DF8EE25B85782103EFC08 /* libPods-TRACE.a in Frameworks */ = {isa = PBXBuildFile; fileRef = 0D7645146B0F83F9BD6CAF85 /* libPods-TRACE.a */; };
		C9665A9A2541053700880166 /* TRACEApp.swift in Sources */ = {isa = PBXBuildFile; fileRef = C9665A992541053700880166 /* TRACEApp.swift */; };
		C9665A9C2541053700880166 /* ContentView.swift in Sources */ = {isa = PBXBuildFile; fileRef = C9665A9B2541053700880166 /* ContentView.swift */; };
		C9665A9E2541053800880166 /* Assets.xcassets in Resources */ = {isa = PBXBuildFile; fileRef = C9665A9D2541053800880166 /* Assets.xcassets */; };
		C9665AA12541053800880166 /* Preview Assets.xcassets in Resources */ = {isa = PBXBuildFile; fileRef = C9665AA02541053800880166 /* Preview Assets.xcassets */; };
/* End PBXBuildFile section */

/* Begin PBXFileReference section */
		0D7645146B0F83F9BD6CAF85 /* libPods-TRACE.a */ = {isa = PBXFileReference; explicitFileType = archive.ar; includeInIndex = 0; path = "libPods-TRACE.a"; sourceTree = BUILT_PRODUCTS_DIR; };
		1781D1CCB8002728CA3772A2 /* Pods-TRACE.release.xcconfig */ = {isa = PBXFileReference; includeInIndex = 1; lastKnownFileType = text.xcconfig; name = "Pods-TRACE.release.xcconfig"; path = "Target Support Files/Pods-TRACE/Pods-TRACE.release.xcconfig"; sourceTree = "<group>"; };
		6CCBC6C6682B89CE217716EF /* Pods-TRACE.debug.xcconfig */ = {isa = PBXFileReference; includeInIndex = 1; lastKnownFileType = text.xcconfig; name = "Pods-TRACE.debug.xcconfig"; path = "Target Support Files/Pods-TRACE/Pods-TRACE.debug.xcconfig"; sourceTree = "<group>"; };
		C9665A962541053700880166 /* TRACE.app */ = {isa = PBXFileReference; explicitFileType = wrapper.application; includeInIndex = 0; path = TRACE.app; sourceTree = BUILT_PRODUCTS_DIR; };
		C9665A992541053700880166 /* TRACEApp.swift */ = {isa = PBXFileReference; lastKnownFileType = sourcecode.swift; path = TRACEApp.swift; sourceTree = "<group>"; };
		C9665A9B2541053700880166 /* ContentView.swift */ = {isa = PBXFileReference; lastKnownFileType = sourcecode.swift; path = ContentView.swift; sourceTree = "<group>"; };
		C9665A9D2541053800880166 /* Assets.xcassets */ = {isa = PBXFileReference; lastKnownFileType = folder.assetcatalog; path = Assets.xcassets; sourceTree = "<group>"; };
		C9665AA02541053800880166 /* Preview Assets.xcassets */ = {isa = PBXFileReference; lastKnownFileType = folder.assetcatalog; path = "Preview Assets.xcassets"; sourceTree = "<group>"; };
		C9665AA22541053800880166 /* Info.plist */ = {isa = PBXFileReference; lastKnownFileType = text.plist.xml; path = Info.plist; sourceTree = "<group>"; };
/* End PBXFileReference section */

/* Begin PBXFrameworksBuildPhase section */
		C9665A932541053700880166 /* Frameworks */ = {
			isa = PBXFrameworksBuildPhase;
			buildActionMask = 2147483647;
			files = (
				C36DF8EE25B85782103EFC08 /* libPods-TRACE.a in Frameworks */,
			);
			runOnlyForDeploymentPostprocessing = 0;
		};
/* End PBXFrameworksBuildPhase section */

/* Begin PBXGroup section */
		16E24F72D4E4D57CC75A9996 /* Pods */ = {
			isa = PBXGroup;
			children = (
				6CCBC6C6682B89CE217716EF /* Pods-TRACE.debug.xcconfig */,
				1781D1CCB8002728CA3772A2 /* Pods-TRACE.release.xcconfig */,
			);
			path = Pods;
			sourceTree = "<group>";
		};
		26C5D5591A11E05667BF20EB /* Frameworks */ = {
			isa = PBXGroup;
			children = (
				0D7645146B0F83F9BD6CAF85 /* libPods-TRACE.a */,
			);
			name = Frameworks;
			sourceTree = "<group>";
		};
		C9665A8D2541053700880166 = {
			isa = PBXGroup;
			children = (
				C9665A982541053700880166 /* TRACE */,
				C9665A972541053700880166 /* Products */,
				16E24F72D4E4D57CC75A9996 /* Pods */,
				26C5D5591A11E05667BF20EB /* Frameworks */,
			);
			sourceTree = "<group>";
		};
		C9665A972541053700880166 /* Products */ = {
			isa = PBXGroup;
			children = (
				C9665A962541053700880166 /* TRACE.app */,
			);
			name = Products;
			sourceTree = "<group>";
		};
		C9665A982541053700880166 /* TRACE */ = {
			isa = PBXGroup;
			children = (
				C9665A992541053700880166 /* TRACEApp.swift */,
				C9665A9B2541053700880166 /* ContentView.swift */,
				C9665A9D2541053800880166 /* Assets.xcassets */,
				C9665AA22541053800880166 /* Info.plist */,
				C9665A9F2541053800880166 /* Preview Content */,
			);
			path = TRACE;
			sourceTree = "<group>";
		};
		C9665A9F2541053800880166 /* Preview Content */ = {
			isa = PBXGroup;
			children = (
				C9665AA02541053800880166 /* Preview Assets.xcassets */,
			);
			path = "Preview Content";
			sourceTree = "<group>";
		};
/* End PBXGroup section */

/* Begin PBXNativeTarget section */
		C9665A952541053700880166 /* TRACE */ = {
			isa = PBXNativeTarget;
			buildConfigurationList = C9665AA52541053800880166 /* Build configuration list for PBXNativeTarget "TRACE" */;
			buildPhases = (
				EE8624481B4BA8718D799A25 /* [CP] Check Pods Manifest.lock */,
				C9665A922541053700880166 /* Sources */,
				C9665A932541053700880166 /* Frameworks */,
				C9665A942541053700880166 /* Resources */,
			);
			buildRules = (
			);
			dependencies = (
			);
			name = TRACE;
			productName = TRACE;
			productReference = C9665A962541053700880166 /* TRACE.app */;
			productType = "com.apple.product-type.application";
		};
/* End PBXNativeTarget section */

/* Begin PBXProject section */
		C9665A8E2541053700880166 /* Project object */ = {
			isa = PBXProject;
			attributes = {
				LastSwiftUpdateCheck = 1200;
				LastUpgradeCheck = 1200;
				TargetAttributes = {
					C9665A952541053700880166 = {
						CreatedOnToolsVersion = 12.0.1;
					};
				};
			};
			buildConfigurationList = C9665A912541053700880166 /* Build configuration list for PBXProject "TRACE" */;
			compatibilityVersion = "Xcode 9.3";
			developmentRegion = en;
			hasScannedForEncodings = 0;
			knownRegions = (
				en,
				Base,
			);
			mainGroup = C9665A8D2541053700880166;
			productRefGroup = C9665A972541053700880166 /* Products */;
			projectDirPath = "";
			projectRoot = "";
			targets = (
				C9665A952541053700880166 /* TRACE */,
			);
		};
/* End PBXProject section */

/* Begin PBXResourcesBuildPhase section */
		C9665A942541053700880166 /* Resources */ = {
			isa = PBXResourcesBuildPhase;
			buildActionMask = 2147483647;
			files = (
				C9665AA12541053800880166 /* Preview Assets.xcassets in Resources */,
				C9665A9E2541053800880166 /* Assets.xcassets in Resources */,
			);
			runOnlyForDeploymentPostprocessing = 0;
		};
/* End PBXResourcesBuildPhase section */

/* Begin PBXShellScriptBuildPhase section */
		EE8624481B4BA8718D799A25 /* [CP] Check Pods Manifest.lock */ = {
			isa = PBXShellScriptBuildPhase;
			buildActionMask = 2147483647;
			files = (
			);
			inputFileListPaths = (
			);
			inputPaths = (
				"${PODS_PODFILE_DIR_PATH}/Podfile.lock",
				"${PODS_ROOT}/Manifest.lock",
			);
			name = "[CP] Check Pods Manifest.lock";
			outputFileListPaths = (
			);
			outputPaths = (
				"$(DERIVED_FILE_DIR)/Pods-TRACE-checkManifestLockResult.txt",
			);
			runOnlyForDeploymentPostprocessing = 0;
			shellPath = /bin/sh;
			shellScript = "diff \"${PODS_PODFILE_DIR_PATH}/Podfile.lock\" \"${PODS_ROOT}/Manifest.lock\" > /dev/null\nif [ $? != 0 ] ; then\n    # print error to STDERR\n    echo \"error: The sandbox is not in sync with the Podfile.lock. Run 'pod install' or update your CocoaPods installation.\" >&2\n    exit 1\nfi\n# This output is used by Xcode 'outputs' to avoid re-running this script phase.\necho \"SUCCESS\" > \"${SCRIPT_OUTPUT_FILE_0}\"\n";
			showEnvVarsInLog = 0;
		};
/* End PBXShellScriptBuildPhase section */

/* Begin PBXSourcesBuildPhase section */
		C9665A922541053700880166 /* Sources */ = {
			isa = PBXSourcesBuildPhase;
			buildActionMask = 2147483647;
			files = (
				C9665A9C2541053700880166 /* ContentView.swift in Sources */,
				C9665A9A2541053700880166 /* TRACEApp.swift in Sources */,
			);
			runOnlyForDeploymentPostprocessing = 0;
		};
/* End PBXSourcesBuildPhase section */

/* Begin XCBuildConfiguration section */
		C9665AA32541053800880166 /* Debug */ = {
			isa = XCBuildConfiguration;
			buildSettings = {
				ALWAYS_SEARCH_USER_PATHS = NO;
				CLANG_ANALYZER_NONNULL = YES;
				CLANG_ANALYZER_NUMBER_OBJECT_CONVERSION = YES_AGGRESSIVE;
				CLANG_CXX_LANGUAGE_STANDARD = "gnu++14";
				CLANG_CXX_LIBRARY = "libc++";
				CLANG_ENABLE_MODULES = YES;
				CLANG_ENABLE_OBJC_ARC = YES;
				CLANG_ENABLE_OBJC_WEAK = YES;
				CLANG_WARN_BLOCK_CAPTURE_AUTORELEASING = YES;
				CLANG_WARN_BOOL_CONVERSION = YES;
				CLANG_WARN_COMMA = YES;
				CLANG_WARN_CONSTANT_CONVERSION = YES;
				CLANG_WARN_DEPRECATED_OBJC_IMPLEMENTATIONS = YES;
				CLANG_WARN_DIRECT_OBJC_ISA_USAGE = YES_ERROR;
				CLANG_WARN_DOCUMENTATION_COMMENTS = YES;
				CLANG_WARN_EMPTY_BODY = YES;
				CLANG_WARN_ENUM_CONVERSION = YES;
				CLANG_WARN_INFINITE_RECURSION = YES;
				CLANG_WARN_INT_CONVERSION = YES;
				CLANG_WARN_NON_LITERAL_NULL_CONVERSION = YES;
				CLANG_WARN_OBJC_IMPLICIT_RETAIN_SELF = YES;
				CLANG_WARN_OBJC_LITERAL_CONVERSION = YES;
				CLANG_WARN_OBJC_ROOT_CLASS = YES_ERROR;
				CLANG_WARN_QUOTED_INCLUDE_IN_FRAMEWORK_HEADER = YES;
				CLANG_WARN_RANGE_LOOP_ANALYSIS = YES;
				CLANG_WARN_STRICT_PROTOTYPES = YES;
				CLANG_WARN_SUSPICIOUS_MOVE = YES;
				CLANG_WARN_UNGUARDED_AVAILABILITY = YES_AGGRESSIVE;
				CLANG_WARN_UNREACHABLE_CODE = YES;
				CLANG_WARN__DUPLICATE_METHOD_MATCH = YES;
				COPY_PHASE_STRIP = NO;
				DEBUG_INFORMATION_FORMAT = dwarf;
				ENABLE_STRICT_OBJC_MSGSEND = YES;
				ENABLE_TESTABILITY = YES;
				GCC_C_LANGUAGE_STANDARD = gnu11;
				GCC_DYNAMIC_NO_PIC = NO;
				GCC_NO_COMMON_BLOCKS = YES;
				GCC_OPTIMIZATION_LEVEL = 0;
				GCC_PREPROCESSOR_DEFINITIONS = (
					"DEBUG=1",
					"$(inherited)",
				);
				GCC_WARN_64_TO_32_BIT_CONVERSION = YES;
				GCC_WARN_ABOUT_RETURN_TYPE = YES_ERROR;
				GCC_WARN_UNDECLARED_SELECTOR = YES;
				GCC_WARN_UNINITIALIZED_AUTOS = YES_AGGRESSIVE;
				GCC_WARN_UNUSED_FUNCTION = YES;
				GCC_WARN_UNUSED_VARIABLE = YES;
				IPHONEOS_DEPLOYMENT_TARGET = 14.0;
				MTL_ENABLE_DEBUG_INFO = INCLUDE_SOURCE;
				MTL_FAST_MATH = YES;
				ONLY_ACTIVE_ARCH = YES;
				SDKROOT = iphoneos;
				SWIFT_ACTIVE_COMPILATION_CONDITIONS = DEBUG;
				SWIFT_OPTIMIZATION_LEVEL = "-Onone";
			};
			name = Debug;
		};
		C9665AA42541053800880166 /* Release */ = {
			isa = XCBuildConfiguration;
			buildSettings = {
				ALWAYS_SEARCH_USER_PATHS = NO;
				CLANG_ANALYZER_NONNULL = YES;
				CLANG_ANALYZER_NUMBER_OBJECT_CONVERSION = YES_AGGRESSIVE;
				CLANG_CXX_LANGUAGE_STANDARD = "gnu++14";
				CLANG_CXX_LIBRARY = "libc++";
				CLANG_ENABLE_MODULES = YES;
				CLANG_ENABLE_OBJC_ARC = YES;
				CLANG_ENABLE_OBJC_WEAK = YES;
				CLANG_WARN_BLOCK_CAPTURE_AUTORELEASING = YES;
				CLANG_WARN_BOOL_CONVERSION = YES;
				CLANG_WARN_COMMA = YES;
				CLANG_WARN_CONSTANT_CONVERSION = YES;
				CLANG_WARN_DEPRECATED_OBJC_IMPLEMENTATIONS = YES;
				CLANG_WARN_DIRECT_OBJC_ISA_USAGE = YES_ERROR;
				CLANG_WARN_DOCUMENTATION_COMMENTS = YES;
				CLANG_WARN_EMPTY_BODY = YES;
				CLANG_WARN_ENUM_CONVERSION = YES;
				CLANG_WARN_INFINITE_RECURSION = YES;
				CLANG_WARN_INT_CONVERSION = YES;
				CLANG_WARN_NON_LITERAL_NULL_CONVERSION = YES;
				CLANG_WARN_OBJC_IMPLICIT_RETAIN_SELF = YES;
				CLANG_WARN_OBJC_LITERAL_CONVERSION = YES;
				CLANG_WARN_OBJC_ROOT_CLASS = YES_ERROR;
				CLANG_WARN_QUOTED_INCLUDE_IN_FRAMEWORK_HEADER = YES;
				CLANG_WARN_RANGE_LOOP_ANALYSIS = YES;
				CLANG_WARN_STRICT_PROTOTYPES = YES;
				CLANG_WARN_SUSPICIOUS_MOVE = YES;
				CLANG_WARN_UNGUARDED_AVAILABILITY = YES_AGGRESSIVE;
				CLANG_WARN_UNREACHABLE_CODE = YES;
				CLANG_WARN__DUPLICATE_METHOD_MATCH = YES;
				COPY_PHASE_STRIP = NO;
				DEBUG_INFORMATION_FORMAT = "dwarf-with-dsym";
				ENABLE_NS_ASSERTIONS = NO;
				ENABLE_STRICT_OBJC_MSGSEND = YES;
				GCC_C_LANGUAGE_STANDARD = gnu11;
				GCC_NO_COMMON_BLOCKS = YES;
				GCC_WARN_64_TO_32_BIT_CONVERSION = YES;
				GCC_WARN_ABOUT_RETURN_TYPE = YES_ERROR;
				GCC_WARN_UNDECLARED_SELECTOR = YES;
				GCC_WARN_UNINITIALIZED_AUTOS = YES_AGGRESSIVE;
				GCC_WARN_UNUSED_FUNCTION = YES;
				GCC_WARN_UNUSED_VARIABLE = YES;
				IPHONEOS_DEPLOYMENT_TARGET = 14.0;
				MTL_ENABLE_DEBUG_INFO = NO;
				MTL_FAST_MATH = YES;
				SDKROOT = iphoneos;
				SWIFT_COMPILATION_MODE = wholemodule;
				SWIFT_OPTIMIZATION_LEVEL = "-O";
				VALIDATE_PRODUCT = YES;
			};
			name = Release;
		};
		C9665AA62541053800880166 /* Debug */ = {
			isa = XCBuildConfiguration;
			baseConfigurationReference = 6CCBC6C6682B89CE217716EF /* Pods-TRACE.debug.xcconfig */;
			buildSettings = {
				ASSETCATALOG_COMPILER_APPICON_NAME = AppIcon;
				ASSETCATALOG_COMPILER_GLOBAL_ACCENT_COLOR_NAME = AccentColor;
				CODE_SIGN_STYLE = Automatic;
				DEVELOPMENT_ASSET_PATHS = "\"TRACE/Preview Content\"";
				DEVELOPMENT_TEAM = GC6FJWA2CX;
				ENABLE_PREVIEWS = YES;
				INFOPLIST_FILE = TRACE/Info.plist;
				IPHONEOS_DEPLOYMENT_TARGET = 14.0;
				LD_RUNPATH_SEARCH_PATHS = (
					"$(inherited)",
					"@executable_path/Frameworks",
				);
				PRODUCT_BUNDLE_IDENTIFIER = Matt.TRACE;
				PRODUCT_NAME = "$(TARGET_NAME)";
				SWIFT_VERSION = 5.0;
				TARGETED_DEVICE_FAMILY = "1,2";
			};
			name = Debug;
		};
		C9665AA72541053800880166 /* Release */ = {
			isa = XCBuildConfiguration;
			baseConfigurationReference = 1781D1CCB8002728CA3772A2 /* Pods-TRACE.release.xcconfig */;
			buildSettings = {
				ASSETCATALOG_COMPILER_APPICON_NAME = AppIcon;
				ASSETCATALOG_COMPILER_GLOBAL_ACCENT_COLOR_NAME = AccentColor;
				CODE_SIGN_STYLE = Automatic;
				DEVELOPMENT_ASSET_PATHS = "\"TRACE/Preview Content\"";
				DEVELOPMENT_TEAM = GC6FJWA2CX;
				ENABLE_PREVIEWS = YES;
				INFOPLIST_FILE = TRACE/Info.plist;
				IPHONEOS_DEPLOYMENT_TARGET = 14.0;
				LD_RUNPATH_SEARCH_PATHS = (
					"$(inherited)",
					"@executable_path/Frameworks",
				);
				PRODUCT_BUNDLE_IDENTIFIER = Matt.TRACE;
				PRODUCT_NAME = "$(TARGET_NAME)";
				SWIFT_VERSION = 5.0;
				TARGETED_DEVICE_FAMILY = "1,2";
			};
			name = Release;
		};
/* End XCBuildConfiguration section */

/* Begin XCConfigurationList section */
		C9665A912541053700880166 /* Build configuration list for PBXProject "TRACE" */ = {
			isa = XCConfigurationList;
			buildConfigurations = (
				C9665AA32541053800880166 /* Debug */,
				C9665AA42541053800880166 /* Release */,
			);
			defaultConfigurationIsVisible = 0;
			defaultConfigurationName = Release;
		};
		C9665AA52541053800880166 /* Build configuration list for PBXNativeTarget "TRACE" */ = {
			isa = XCConfigurationList;
			buildConfigurations = (
				C9665AA62541053800880166 /* Debug */,
				C9665AA72541053800880166 /* Release */,
			);
			defaultConfigurationIsVisible = 0;
			defaultConfigurationName = Release;
		};
/* End XCConfigurationList section */
	};
	rootObject = C9665A8E2541053700880166 /* Project object */;
}
